# THIS IS AN AUTOGENERATED FILE. DO NOT EDIT THIS FILE DIRECTLY.
# yarn lockfile v1


urs@^0.0.7:
  version "0.0.7"
  resolved "https://artifactory.opengov.zone:443/artifactory/api/npm/npm/urs/-/urs-0.0.7.tgz#2dbf320a68a54bbd67ab9c5ac103b0f2227ca6be"
  integrity sha1-Lb8yCmilS71nq5xawQOw8iJ8pr4=

use-http@^1.0.16:
  version "1.0.16"
  resolved "https://artifactory.opengov.zone:443/artifactory/api/npm/npm/use-http/-/use-http-1.0.16.tgz#6d75f3e734abf990049c7a02b22d757c3abda883"
  integrity sha1-bXXz5zSr+ZAEnHoCsi11fDq9qIM=
  dependencies:
    urs "^0.0.7"
    use-ssr "^1.0.22"
    utility-types "^3.10.0"

use-ssr@^1.0.22:
  version "1.0.23"
  resolved "https://artifactory.opengov.zone:443/artifactory/api/npm/npm/use-ssr/-/use-ssr-1.0.23.tgz#3bde1e10cd01b3b61ab6386d7cddb72e74828bf8"
  integrity sha1-O94eEM0Bs7YatjhtfN23LnSCi/g=

utility-types@^3.10.0:
  version "3.10.0"
  resolved "https://artifactory.opengov.zone:443/artifactory/api/npm/npm/utility-types/-/utility-types-3.10.0.tgz#ea4148f9a741015f05ed74fd615e1d20e6bed82b"
  integrity sha1-6kFI+adBAV8F7XT9YV4dIOa+2Cs=

zustand@^3.3.3:
  version "3.3.3"
  resolved "https://artifactory.opengov.zone:443/artifactory/api/npm/npm/zustand/-/zustand-3.3.3.tgz#88b930a873d0f13e406f96958c1409645ea8b370"
  integrity sha1-iLkwqHPQ8T5Ab5aVjBQJZF6os3A=
